
Microsoft Visual Studio Solution File, Format Version 12.00
# Visual Studio Version 17
VisualStudioVersion = 17.0.32014.148
MinimumVisualStudioVersion = 10.0.40219.1
Project("{9A19103F-16F7-4668-BE54-9A1E7A4F7556}") = "MemWatcher", "src\MemWatcher\MemWatcher.csproj", "{A6144320-D7CB-49B0-8E42-CF5B614D7DA8}"
EndProject
Project("{9A19103F-16F7-4668-BE54-9A1E7A4F7556}") = "MemWatcher.Tests", "src\MemWatcher.Tests\MemWatcher.Tests.csproj", "{097EB0C4-71B7-41A0-823E-23CD90A69C01}"
EndProject
Project("{8BC9CEB8-8B4A-11D0-8D11-00A0C91BC942}") = "TestProgram", "src\TestProgram\TestProgram.vcxproj", "{541A5462-5049-4025-AD59-87BA4F2EE9E3}"
EndProject
Project("{9A19103F-16F7-4668-BE54-9A1E7A4F7556}") = "CorrelateSymbols", "src\CorrelateSymbols\CorrelateSymbols.csproj", "{FCB9F1A4-53A2-4274-87FC-319ECA56A7F2}"
EndProject
Project("{9A19103F-16F7-4668-BE54-9A1E7A4F7556}") = "GhidraData", "src\GhidraData\GhidraData.csproj", "{6C656859-91A8-4799-BB8E-9CA267D745CD}"
EndProject
Project("{9A19103F-16F7-4668-BE54-9A1E7A4F7556}") = "DataCorrelator", "src\DataCorrelator\DataCorrelator.csproj", "{B3E8273C-7465-49EA-9151-EBEF829E5608}"
EndProject
Project("{9A19103F-16F7-4668-BE54-9A1E7A4F7556}") = "DebuggerInterfaces", "src\DebuggerInterfaces\DebuggerInterfaces.csproj", "{FF3C2FCF-AE18-48B6-BD20-AB74696810A4}"
EndProject
Project("{9A19103F-16F7-4668-BE54-9A1E7A4F7556}") = "MemWatcherPlugin", "src\MemWatcherPlugin\MemWatcherPlugin.csproj", "{DF5287A0-E960-4CDB-9AAE-CC985A0BC646}"
EndProject
Global
	GlobalSection(SolutionConfigurationPlatforms) = preSolution
		Debug|Any CPU = Debug|Any CPU
		Debug|x64 = Debug|x64
		Debug|x86 = Debug|x86
		Release|Any CPU = Release|Any CPU
		Release|x64 = Release|x64
		Release|x86 = Release|x86
	EndGlobalSection
	GlobalSection(ProjectConfigurationPlatforms) = postSolution
		{A6144320-D7CB-49B0-8E42-CF5B614D7DA8}.Debug|Any CPU.ActiveCfg = Debug|Any CPU
		{A6144320-D7CB-49B0-8E42-CF5B614D7DA8}.Debug|Any CPU.Build.0 = Debug|Any CPU
		{A6144320-D7CB-49B0-8E42-CF5B614D7DA8}.Debug|x64.ActiveCfg = Debug|Any CPU
		{A6144320-D7CB-49B0-8E42-CF5B614D7DA8}.Debug|x64.Build.0 = Debug|Any CPU
		{A6144320-D7CB-49B0-8E42-CF5B614D7DA8}.Debug|x86.ActiveCfg = Debug|Any CPU
		{A6144320-D7CB-49B0-8E42-CF5B614D7DA8}.Debug|x86.Build.0 = Debug|Any CPU
		{A6144320-D7CB-49B0-8E42-CF5B614D7DA8}.Release|Any CPU.ActiveCfg = Release|Any CPU
		{A6144320-D7CB-49B0-8E42-CF5B614D7DA8}.Release|Any CPU.Build.0 = Release|Any CPU
		{A6144320-D7CB-49B0-8E42-CF5B614D7DA8}.Release|x64.ActiveCfg = Release|Any CPU
		{A6144320-D7CB-49B0-8E42-CF5B614D7DA8}.Release|x64.Build.0 = Release|Any CPU
		{A6144320-D7CB-49B0-8E42-CF5B614D7DA8}.Release|x86.ActiveCfg = Release|Any CPU
		{A6144320-D7CB-49B0-8E42-CF5B614D7DA8}.Release|x86.Build.0 = Release|Any CPU
		{097EB0C4-71B7-41A0-823E-23CD90A69C01}.Debug|Any CPU.ActiveCfg = Debug|Any CPU
		{097EB0C4-71B7-41A0-823E-23CD90A69C01}.Debug|Any CPU.Build.0 = Debug|Any CPU
		{097EB0C4-71B7-41A0-823E-23CD90A69C01}.Debug|x64.ActiveCfg = Debug|Any CPU
		{097EB0C4-71B7-41A0-823E-23CD90A69C01}.Debug|x64.Build.0 = Debug|Any CPU
		{097EB0C4-71B7-41A0-823E-23CD90A69C01}.Debug|x86.ActiveCfg = Debug|Any CPU
		{097EB0C4-71B7-41A0-823E-23CD90A69C01}.Debug|x86.Build.0 = Debug|Any CPU
		{097EB0C4-71B7-41A0-823E-23CD90A69C01}.Release|Any CPU.ActiveCfg = Release|Any CPU
		{097EB0C4-71B7-41A0-823E-23CD90A69C01}.Release|Any CPU.Build.0 = Release|Any CPU
		{097EB0C4-71B7-41A0-823E-23CD90A69C01}.Release|x64.ActiveCfg = Release|Any CPU
		{097EB0C4-71B7-41A0-823E-23CD90A69C01}.Release|x64.Build.0 = Release|Any CPU
		{097EB0C4-71B7-41A0-823E-23CD90A69C01}.Release|x86.ActiveCfg = Release|Any CPU
		{097EB0C4-71B7-41A0-823E-23CD90A69C01}.Release|x86.Build.0 = Release|Any CPU
		{541A5462-5049-4025-AD59-87BA4F2EE9E3}.Debug|Any CPU.ActiveCfg = Debug|x64
		{541A5462-5049-4025-AD59-87BA4F2EE9E3}.Debug|Any CPU.Build.0 = Debug|x64
		{541A5462-5049-4025-AD59-87BA4F2EE9E3}.Debug|x64.ActiveCfg = Debug|x64
		{541A5462-5049-4025-AD59-87BA4F2EE9E3}.Debug|x64.Build.0 = Debug|x64
		{541A5462-5049-4025-AD59-87BA4F2EE9E3}.Debug|x86.ActiveCfg = Debug|Win32
		{541A5462-5049-4025-AD59-87BA4F2EE9E3}.Debug|x86.Build.0 = Debug|Win32
		{541A5462-5049-4025-AD59-87BA4F2EE9E3}.Release|Any CPU.ActiveCfg = Release|x64
		{541A5462-5049-4025-AD59-87BA4F2EE9E3}.Release|Any CPU.Build.0 = Release|x64
		{541A5462-5049-4025-AD59-87BA4F2EE9E3}.Release|x64.ActiveCfg = Release|x64
		{541A5462-5049-4025-AD59-87BA4F2EE9E3}.Release|x64.Build.0 = Release|x64
		{541A5462-5049-4025-AD59-87BA4F2EE9E3}.Release|x86.ActiveCfg = Release|Win32
		{541A5462-5049-4025-AD59-87BA4F2EE9E3}.Release|x86.Build.0 = Release|Win32
		{FCB9F1A4-53A2-4274-87FC-319ECA56A7F2}.Debug|Any CPU.ActiveCfg = Debug|Any CPU
		{FCB9F1A4-53A2-4274-87FC-319ECA56A7F2}.Debug|Any CPU.Build.0 = Debug|Any CPU
		{FCB9F1A4-53A2-4274-87FC-319ECA56A7F2}.Debug|x64.ActiveCfg = Debug|Any CPU
		{FCB9F1A4-53A2-4274-87FC-319ECA56A7F2}.Debug|x64.Build.0 = Debug|Any CPU
		{FCB9F1A4-53A2-4274-87FC-319ECA56A7F2}.Debug|x86.ActiveCfg = Debug|Any CPU
		{FCB9F1A4-53A2-4274-87FC-319ECA56A7F2}.Debug|x86.Build.0 = Debug|Any CPU
		{FCB9F1A4-53A2-4274-87FC-319ECA56A7F2}.Release|Any CPU.ActiveCfg = Release|Any CPU
		{FCB9F1A4-53A2-4274-87FC-319ECA56A7F2}.Release|Any CPU.Build.0 = Release|Any CPU
		{FCB9F1A4-53A2-4274-87FC-319ECA56A7F2}.Release|x64.ActiveCfg = Release|Any CPU
		{FCB9F1A4-53A2-4274-87FC-319ECA56A7F2}.Release|x64.Build.0 = Release|Any CPU
		{FCB9F1A4-53A2-4274-87FC-319ECA56A7F2}.Release|x86.ActiveCfg = Release|Any CPU
		{FCB9F1A4-53A2-4274-87FC-319ECA56A7F2}.Release|x86.Build.0 = Release|Any CPU
		{6C656859-91A8-4799-BB8E-9CA267D745CD}.Debug|Any CPU.ActiveCfg = Debug|Any CPU
		{6C656859-91A8-4799-BB8E-9CA267D745CD}.Debug|Any CPU.Build.0 = Debug|Any CPU
		{6C656859-91A8-4799-BB8E-9CA267D745CD}.Debug|x64.ActiveCfg = Debug|Any CPU
		{6C656859-91A8-4799-BB8E-9CA267D745CD}.Debug|x64.Build.0 = Debug|Any CPU
		{6C656859-91A8-4799-BB8E-9CA267D745CD}.Debug|x86.ActiveCfg = Debug|Any CPU
		{6C656859-91A8-4799-BB8E-9CA267D745CD}.Debug|x86.Build.0 = Debug|Any CPU
		{6C656859-91A8-4799-BB8E-9CA267D745CD}.Release|Any CPU.ActiveCfg = Release|Any CPU
		{6C656859-91A8-4799-BB8E-9CA267D745CD}.Release|Any CPU.Build.0 = Release|Any CPU
		{6C656859-91A8-4799-BB8E-9CA267D745CD}.Release|x64.ActiveCfg = Release|Any CPU
		{6C656859-91A8-4799-BB8E-9CA267D745CD}.Release|x64.Build.0 = Release|Any CPU
		{6C656859-91A8-4799-BB8E-9CA267D745CD}.Release|x86.ActiveCfg = Release|Any CPU
		{6C656859-91A8-4799-BB8E-9CA267D745CD}.Release|x86.Build.0 = Release|Any CPU
		{B3E8273C-7465-49EA-9151-EBEF829E5608}.Debug|Any CPU.ActiveCfg = Debug|Any CPU
		{B3E8273C-7465-49EA-9151-EBEF829E5608}.Debug|Any CPU.Build.0 = Debug|Any CPU
		{B3E8273C-7465-49EA-9151-EBEF829E5608}.Debug|x64.ActiveCfg = Debug|Any CPU
		{B3E8273C-7465-49EA-9151-EBEF829E5608}.Debug|x64.Build.0 = Debug|Any CPU
		{B3E8273C-7465-49EA-9151-EBEF829E5608}.Debug|x86.ActiveCfg = Debug|Any CPU
		{B3E8273C-7465-49EA-9151-EBEF829E5608}.Debug|x86.Build.0 = Debug|Any CPU
		{B3E8273C-7465-49EA-9151-EBEF829E5608}.Release|Any CPU.ActiveCfg = Release|Any CPU
		{B3E8273C-7465-49EA-9151-EBEF829E5608}.Release|Any CPU.Build.0 = Release|Any CPU
		{B3E8273C-7465-49EA-9151-EBEF829E5608}.Release|x64.ActiveCfg = Release|Any CPU
		{B3E8273C-7465-49EA-9151-EBEF829E5608}.Release|x64.Build.0 = Release|Any CPU
		{B3E8273C-7465-49EA-9151-EBEF829E5608}.Release|x86.ActiveCfg = Release|Any CPU
		{B3E8273C-7465-49EA-9151-EBEF829E5608}.Release|x86.Build.0 = Release|Any CPU
		{FF3C2FCF-AE18-48B6-BD20-AB74696810A4}.Debug|Any CPU.ActiveCfg = Debug|Any CPU
		{FF3C2FCF-AE18-48B6-BD20-AB74696810A4}.Debug|Any CPU.Build.0 = Debug|Any CPU
		{FF3C2FCF-AE18-48B6-BD20-AB74696810A4}.Debug|x64.ActiveCfg = Debug|Any CPU
		{FF3C2FCF-AE18-48B6-BD20-AB74696810A4}.Debug|x64.Build.0 = Debug|Any CPU
		{FF3C2FCF-AE18-48B6-BD20-AB74696810A4}.Debug|x86.ActiveCfg = Debug|Any CPU
		{FF3C2FCF-AE18-48B6-BD20-AB74696810A4}.Debug|x86.Build.0 = Debug|Any CPU
		{FF3C2FCF-AE18-48B6-BD20-AB74696810A4}.Release|Any CPU.ActiveCfg = Release|Any CPU
		{FF3C2FCF-AE18-48B6-BD20-AB74696810A4}.Release|Any CPU.Build.0 = Release|Any CPU
		{FF3C2FCF-AE18-48B6-BD20-AB74696810A4}.Release|x64.ActiveCfg = Release|Any CPU
		{FF3C2FCF-AE18-48B6-BD20-AB74696810A4}.Release|x64.Build.0 = Release|Any CPU
		{FF3C2FCF-AE18-48B6-BD20-AB74696810A4}.Release|x86.ActiveCfg = Release|Any CPU
		{FF3C2FCF-AE18-48B6-BD20-AB74696810A4}.Release|x86.Build.0 = Release|Any CPU
		{DF5287A0-E960-4CDB-9AAE-CC985A0BC646}.Debug|Any CPU.ActiveCfg = Debug|Any CPU
		{DF5287A0-E960-4CDB-9AAE-CC985A0BC646}.Debug|Any CPU.Build.0 = Debug|Any CPU
		{DF5287A0-E960-4CDB-9AAE-CC985A0BC646}.Debug|x64.ActiveCfg = Debug|Any CPU
		{DF5287A0-E960-4CDB-9AAE-CC985A0BC646}.Debug|x64.Build.0 = Debug|Any CPU
		{DF5287A0-E960-4CDB-9AAE-CC985A0BC646}.Debug|x86.ActiveCfg = Debug|Any CPU
		{DF5287A0-E960-4CDB-9AAE-CC985A0BC646}.Debug|x86.Build.0 = Debug|Any CPU
		{DF5287A0-E960-4CDB-9AAE-CC985A0BC646}.Release|Any CPU.ActiveCfg = Release|Any CPU
		{DF5287A0-E960-4CDB-9AAE-CC985A0BC646}.Release|Any CPU.Build.0 = Release|Any CPU
		{DF5287A0-E960-4CDB-9AAE-CC985A0BC646}.Release|x64.ActiveCfg = Release|Any CPU
		{DF5287A0-E960-4CDB-9AAE-CC985A0BC646}.Release|x64.Build.0 = Release|Any CPU
		{DF5287A0-E960-4CDB-9AAE-CC985A0BC646}.Release|x86.ActiveCfg = Release|Any CPU
		{DF5287A0-E960-4CDB-9AAE-CC985A0BC646}.Release|x86.Build.0 = Release|Any CPU
	EndGlobalSection
	GlobalSection(SolutionProperties) = preSolution
		HideSolutionNode = FALSE
	EndGlobalSection
	GlobalSection(ExtensibilityGlobals) = postSolution
		SolutionGuid = {7B1222A9-42ED-44E2-A490-BE9CEA9FC540}
	EndGlobalSection
EndGlobal
